
Microsoft Visual Studio Solution File, Format Version 12.00
# Visual Studio Version 17
VisualStudioVersion = 17.14.37111.16 d17.14
MinimumVisualStudioVersion = 10.0.40219.1
Project("{FAE04EC0-301F-11D3-BF4B-00C04F79EFBC}") = "LifeHub.Api", "LifeHub.Api\LifeHub.Api.csproj", "{F8A2BD6C-F305-4C7C-840A-4E341E31DD2A}"
EndProject
Global
	GlobalSection(SolutionConfigurationPlatforms) = preSolution
		Debug|Any CPU = Debug|Any CPU
		Release|Any CPU = Release|Any CPU
	EndGlobalSection
	GlobalSection(ProjectConfigurationPlatforms) = postSolution
		{F8A2BD6C-F305-4C7C-840A-4E341E31DD2A}.Debug|Any CPU.ActiveCfg = Debug|Any CPU
		{F8A2BD6C-F305-4C7C-840A-4E341E31DD2A}.Debug|Any CPU.Build.0 = Debug|Any CPU
		{F8A2BD6C-F305-4C7C-840A-4E341E31DD2A}.Release|Any CPU.ActiveCfg = Release|Any CPU
		{F8A2BD6C-F305-4C7C-840A-4E341E31DD2A}.Release|Any CPU.Build.0 = Release|Any CPU
	EndGlobalSection
	GlobalSection(SolutionProperties) = preSolution
		HideSolutionNode = FALSE
	EndGlobalSection
	GlobalSection(ExtensibilityGlobals) = postSolution
		SolutionGuid = {D549B91B-39C4-413B-887C-61730CEDFF1C}
	EndGlobalSection
EndGlobal
