
Microsoft Visual Studio Solution File, Format Version 12.00
# Visual Studio Version 17
VisualStudioVersion = 17.14.37111.16
MinimumVisualStudioVersion = 10.0.40219.1
Project("{FAE04EC0-301F-11D3-BF4B-00C04F79EFBC}") = "LifeHub.Api", "LifeHub.Api\LifeHub.Api.csproj", "{F8A2BD6C-F305-4C7C-840A-4E341E31DD2A}"
EndProject
Project("{FAE04EC0-301F-11D3-BF4B-00C04F79EFBC}") = "LifeHub.Application", "LifeHub.Application\LifeHub.Application.csproj", "{7EACCFCE-3248-48FA-B2DE-C241462A7DA6}"
EndProject
Project("{FAE04EC0-301F-11D3-BF4B-00C04F79EFBC}") = "LifeHub.Domain", "LifeHub.Domain\LifeHub.Domain.csproj", "{FF6184B0-3FEB-4021-95F6-0DAD92DD208E}"
EndProject
Project("{FAE04EC0-301F-11D3-BF4B-00C04F79EFBC}") = "LifeHub.Infrastructure", "LifeHub.Infrastructure\LifeHub.Infrastructure.csproj", "{2206703D-E45D-4A14-87F5-69C4C5CE9B23}"
EndProject
Project("{FAE04EC0-301F-11D3-BF4B-00C04F79EFBC}") = "LifeHub.Tests", "LifeHub.Tests\LifeHub.Tests.csproj", "{235E0B75-1623-4EF6-8D29-0D47DD6D7F85}"
EndProject
Global
	GlobalSection(SolutionConfigurationPlatforms) = preSolution
		Debug|Any CPU = Debug|Any CPU
		Release|Any CPU = Release|Any CPU
	EndGlobalSection
	GlobalSection(ProjectConfigurationPlatforms) = postSolution
		{F8A2BD6C-F305-4C7C-840A-4E341E31DD2A}.Debug|Any CPU.ActiveCfg = Debug|Any CPU
		{F8A2BD6C-F305-4C7C-840A-4E341E31DD2A}.Debug|Any CPU.Build.0 = Debug|Any CPU
		{F8A2BD6C-F305-4C7C-840A-4E341E31DD2A}.Release|Any CPU.ActiveCfg = Release|Any CPU
		{F8A2BD6C-F305-4C7C-840A-4E341E31DD2A}.Release|Any CPU.Build.0 = Release|Any CPU
		{7EACCFCE-3248-48FA-B2DE-C241462A7DA6}.Debug|Any CPU.ActiveCfg = Debug|Any CPU
		{7EACCFCE-3248-48FA-B2DE-C241462A7DA6}.Debug|Any CPU.Build.0 = Debug|Any CPU
		{7EACCFCE-3248-48FA-B2DE-C241462A7DA6}.Release|Any CPU.ActiveCfg = Release|Any CPU
		{7EACCFCE-3248-48FA-B2DE-C241462A7DA6}.Release|Any CPU.Build.0 = Release|Any CPU
		{FF6184B0-3FEB-4021-95F6-0DAD92DD208E}.Debug|Any CPU.ActiveCfg = Debug|Any CPU
		{FF6184B0-3FEB-4021-95F6-0DAD92DD208E}.Debug|Any CPU.Build.0 = Debug|Any CPU
		{FF6184B0-3FEB-4021-95F6-0DAD92DD208E}.Release|Any CPU.ActiveCfg = Release|Any CPU
		{FF6184B0-3FEB-4021-95F6-0DAD92DD208E}.Release|Any CPU.Build.0 = Release|Any CPU
		{2206703D-E45D-4A14-87F5-69C4C5CE9B23}.Debug|Any CPU.ActiveCfg = Debug|Any CPU
		{2206703D-E45D-4A14-87F5-69C4C5CE9B23}.Debug|Any CPU.Build.0 = Debug|Any CPU
		{2206703D-E45D-4A14-87F5-69C4C5CE9B23}.Release|Any CPU.ActiveCfg = Release|Any CPU
		{2206703D-E45D-4A14-87F5-69C4C5CE9B23}.Release|Any CPU.Build.0 = Release|Any CPU
		{235E0B75-1623-4EF6-8D29-0D47DD6D7F85}.Debug|Any CPU.ActiveCfg = Debug|Any CPU
		{235E0B75-1623-4EF6-8D29-0D47DD6D7F85}.Debug|Any CPU.Build.0 = Debug|Any CPU
		{235E0B75-1623-4EF6-8D29-0D47DD6D7F85}.Release|Any CPU.ActiveCfg = Release|Any CPU
		{235E0B75-1623-4EF6-8D29-0D47DD6D7F85}.Release|Any CPU.Build.0 = Release|Any CPU
	EndGlobalSection
	GlobalSection(SolutionProperties) = preSolution
		HideSolutionNode = FALSE
	EndGlobalSection
	GlobalSection(ExtensibilityGlobals) = postSolution
		SolutionGuid = {D549B91B-39C4-413B-887C-61730CEDFF1C}
	EndGlobalSection
EndGlobal
